
Microsoft Visual Studio Solution File, Format Version 12.00
Project("{FAE04EC0-301F-11D3-BF4B-00C04F79EFBC}") = "LinearSearch", "LinearSearch\LinearSearch\LinearSearch.csproj", "{671038F5-D40E-4992-9F29-1AC0A915E4E3}"
EndProject
Project("{FAE04EC0-301F-11D3-BF4B-00C04F79EFBC}") = "LinearSearch.Tests", "LinearSearch\LinearSearch.Tests\LinearSearch.Tests.csproj", "{C0ECF6BE-8E36-4442-A310-BB9781F85E78}"
EndProject
Project("{2150E333-8FDC-42A3-9474-1A3956D46DE8}") = "LinearSearch", "LinearSearch", "{153F4194-DA09-43A0-B825-A462D208E583}"
EndProject
Project("{2150E333-8FDC-42A3-9474-1A3956D46DE8}") = "Set", "Set", "{0E155ED5-F742-4275-9140-B43CDBD2FCC6}"
EndProject
Project("{FAE04EC0-301F-11D3-BF4B-00C04F79EFBC}") = "Set", "Set\Set\Set.csproj", "{69A01C71-F4D6-45FA-880E-1A58A270565F}"
EndProject
Project("{FAE04EC0-301F-11D3-BF4B-00C04F79EFBC}") = "Set.Tests", "Set\Set.Tests\Set.Tests.csproj", "{C74C1F80-4A69-465A-8D08-EB9EEA71D0BA}"
EndProject
Global
	GlobalSection(SolutionConfigurationPlatforms) = preSolution
		Debug|Any CPU = Debug|Any CPU
		Release|Any CPU = Release|Any CPU
	EndGlobalSection
	GlobalSection(ProjectConfigurationPlatforms) = postSolution
		{671038F5-D40E-4992-9F29-1AC0A915E4E3}.Debug|Any CPU.ActiveCfg = Debug|Any CPU
		{671038F5-D40E-4992-9F29-1AC0A915E4E3}.Debug|Any CPU.Build.0 = Debug|Any CPU
		{671038F5-D40E-4992-9F29-1AC0A915E4E3}.Release|Any CPU.ActiveCfg = Release|Any CPU
		{671038F5-D40E-4992-9F29-1AC0A915E4E3}.Release|Any CPU.Build.0 = Release|Any CPU
		{C0ECF6BE-8E36-4442-A310-BB9781F85E78}.Debug|Any CPU.ActiveCfg = Debug|Any CPU
		{C0ECF6BE-8E36-4442-A310-BB9781F85E78}.Debug|Any CPU.Build.0 = Debug|Any CPU
		{C0ECF6BE-8E36-4442-A310-BB9781F85E78}.Release|Any CPU.ActiveCfg = Release|Any CPU
		{C0ECF6BE-8E36-4442-A310-BB9781F85E78}.Release|Any CPU.Build.0 = Release|Any CPU
		{69A01C71-F4D6-45FA-880E-1A58A270565F}.Debug|Any CPU.ActiveCfg = Debug|Any CPU
		{69A01C71-F4D6-45FA-880E-1A58A270565F}.Debug|Any CPU.Build.0 = Debug|Any CPU
		{69A01C71-F4D6-45FA-880E-1A58A270565F}.Release|Any CPU.ActiveCfg = Release|Any CPU
		{69A01C71-F4D6-45FA-880E-1A58A270565F}.Release|Any CPU.Build.0 = Release|Any CPU
		{C74C1F80-4A69-465A-8D08-EB9EEA71D0BA}.Debug|Any CPU.ActiveCfg = Debug|Any CPU
		{C74C1F80-4A69-465A-8D08-EB9EEA71D0BA}.Debug|Any CPU.Build.0 = Debug|Any CPU
		{C74C1F80-4A69-465A-8D08-EB9EEA71D0BA}.Release|Any CPU.ActiveCfg = Release|Any CPU
		{C74C1F80-4A69-465A-8D08-EB9EEA71D0BA}.Release|Any CPU.Build.0 = Release|Any CPU
	EndGlobalSection
	GlobalSection(NestedProjects) = preSolution
		{671038F5-D40E-4992-9F29-1AC0A915E4E3} = {153F4194-DA09-43A0-B825-A462D208E583}
		{C0ECF6BE-8E36-4442-A310-BB9781F85E78} = {153F4194-DA09-43A0-B825-A462D208E583}
		{69A01C71-F4D6-45FA-880E-1A58A270565F} = {0E155ED5-F742-4275-9140-B43CDBD2FCC6}
		{C74C1F80-4A69-465A-8D08-EB9EEA71D0BA} = {0E155ED5-F742-4275-9140-B43CDBD2FCC6}
	EndGlobalSection
EndGlobal
